// !$*UTF8*$!
{
	archiveVersion = 1;
	classes = {
	};
	objectVersion = 55;
	objects = {

/* Begin PBXBuildFile section */
		2643CBEE27972F5D00C2DD04 /* AppDelegate.swift in Sources */ = {isa = PBXBuildFile; fileRef = 2643CBED27972F5D00C2DD04 /* AppDelegate.swift */; };
		2643CBF027972F5D00C2DD04 /* SceneDelegate.swift in Sources */ = {isa = PBXBuildFile; fileRef = 2643CBEF27972F5D00C2DD04 /* SceneDelegate.swift */; };
		2643CBF227972F5D00C2DD04 /* ViewController.swift in Sources */ = {isa = PBXBuildFile; fileRef = 2643CBF127972F5D00C2DD04 /* ViewController.swift */; };
		2643CBF527972F5D00C2DD04 /* Main.storyboard in Resources */ = {isa = PBXBuildFile; fileRef = 2643CBF327972F5D00C2DD04 /* Main.storyboard */; };
		2643CBF727972F5F00C2DD04 /* Assets.xcassets in Resources */ = {isa = PBXBuildFile; fileRef = 2643CBF627972F5F00C2DD04 /* Assets.xcassets */; };
		2643CBFA27972F5F00C2DD04 /* LaunchScreen.storyboard in Resources */ = {isa = PBXBuildFile; fileRef = 2643CBF827972F5F00C2DD04 /* LaunchScreen.storyboard */; };
		2643CC0527972F6000C2DD04 /* EjercicioTests.swift in Sources */ = {isa = PBXBuildFile; fileRef = 2643CC0427972F6000C2DD04 /* EjercicioTests.swift */; };
		2643CC0F27972F6000C2DD04 /* EjercicioUITests.swift in Sources */ = {isa = PBXBuildFile; fileRef = 2643CC0E27972F6000C2DD04 /* EjercicioUITests.swift */; };
		2643CC1127972F6000C2DD04 /* EjercicioUITestsLaunchTests.swift in Sources */ = {isa = PBXBuildFile; fileRef = 2643CC1027972F6000C2DD04 /* EjercicioUITestsLaunchTests.swift */; };
/* End PBXBuildFile section */

/* Begin PBXContainerItemProxy section */
		2643CC0127972F6000C2DD04 /* PBXContainerItemProxy */ = {
			isa = PBXContainerItemProxy;
			containerPortal = 2643CBE227972F5D00C2DD04 /* Project object */;
			proxyType = 1;
			remoteGlobalIDString = 2643CBE927972F5D00C2DD04;
			remoteInfo = Ejercicio;
		};
		2643CC0B27972F6000C2DD04 /* PBXContainerItemProxy */ = {
			isa = PBXContainerItemProxy;
			containerPortal = 2643CBE227972F5D00C2DD04 /* Project object */;
			proxyType = 1;
			remoteGlobalIDString = 2643CBE927972F5D00C2DD04;
			remoteInfo = Ejercicio;
		};
/* End PBXContainerItemProxy section */

/* Begin PBXFileReference section */
		2643CBEA27972F5D00C2DD04 /* Ejercicio.app */ = {isa = PBXFileReference; explicitFileType = wrapper.application; includeInIndex = 0; path = Ejercicio.app; sourceTree = BUILT_PRODUCTS_DIR; };
		2643CBED27972F5D00C2DD04 /* AppDelegate.swift */ = {isa = PBXFileReference; lastKnownFileType = sourcecode.swift; path = AppDelegate.swift; sourceTree = "<group>"; };
		2643CBEF27972F5D00C2DD04 /* SceneDelegate.swift */ = {isa = PBXFileReference; lastKnownFileType = sourcecode.swift; path = SceneDelegate.swift; sourceTree = "<group>"; };
		2643CBF127972F5D00C2DD04 /* ViewController.swift */ = {isa = PBXFileReference; lastKnownFileType = sourcecode.swift; path = ViewController.swift; sourceTree = "<group>"; };
		2643CBF427972F5D00C2DD04 /* Base */ = {isa = PBXFileReference; lastKnownFileType = file.storyboard; name = Base; path = Base.lproj/Main.storyboard; sourceTree = "<group>"; };
		2643CBF627972F5F00C2DD04 /* Assets.xcassets */ = {isa = PBXFileReference; lastKnownFileType = folder.assetcatalog; path = Assets.xcassets; sourceTree = "<group>"; };
		2643CBF927972F5F00C2DD04 /* Base */ = {isa = PBXFileReference; lastKnownFileType = file.storyboard; name = Base; path = Base.lproj/LaunchScreen.storyboard; sourceTree = "<group>"; };
		2643CBFB27972F5F00C2DD04 /* Info.plist */ = {isa = PBXFileReference; lastKnownFileType = text.plist.xml; path = Info.plist; sourceTree = "<group>"; };
		2643CC0027972F6000C2DD04 /* EjercicioTests.xctest */ = {isa = PBXFileReference; explicitFileType = wrapper.cfbundle; includeInIndex = 0; path = EjercicioTests.xctest; sourceTree = BUILT_PRODUCTS_DIR; };
		2643CC0427972F6000C2DD04 /* EjercicioTests.swift */ = {isa = PBXFileReference; lastKnownFileType = sourcecode.swift; path = EjercicioTests.swift; sourceTree = "<group>"; };
		2643CC0A27972F6000C2DD04 /* EjercicioUITests.xctest */ = {isa = PBXFileReference; explicitFileType = wrapper.cfbundle; includeInIndex = 0; path = EjercicioUITests.xctest; sourceTree = BUILT_PRODUCTS_DIR; };
		2643CC0E27972F6000C2DD04 /* EjercicioUITests.swift */ = {isa = PBXFileReference; lastKnownFileType = sourcecode.swift; path = EjercicioUITests.swift; sourceTree = "<group>"; };
		2643CC1027972F6000C2DD04 /* EjercicioUITestsLaunchTests.swift */ = {isa = PBXFileReference; lastKnownFileType = sourcecode.swift; path = EjercicioUITestsLaunchTests.swift; sourceTree = "<group>"; };
/* End PBXFileReference section */

/* Begin PBXFrameworksBuildPhase section */
		2643CBE727972F5D00C2DD04 /* Frameworks */ = {
			isa = PBXFrameworksBuildPhase;
			buildActionMask = 2147483647;
			files = (
			);
			runOnlyForDeploymentPostprocessing = 0;
		};
		2643CBFD27972F6000C2DD04 /* Frameworks */ = {
			isa = PBXFrameworksBuildPhase;
			buildActionMask = 2147483647;
			files = (
			);
			runOnlyForDeploymentPostprocessing = 0;
		};
		2643CC0727972F6000C2DD04 /* Frameworks */ = {
			isa = PBXFrameworksBuildPhase;
			buildActionMask = 2147483647;
			files = (
			);
			runOnlyForDeploymentPostprocessing = 0;
		};
/* End PBXFrameworksBuildPhase section */

/* Begin PBXGroup section */
		2643CBE127972F5D00C2DD04 = {
			isa = PBXGroup;
			children = (
				2643CBEC27972F5D00C2DD04 /* Ejercicio */,
				2643CC0327972F6000C2DD04 /* EjercicioTests */,
				2643CC0D27972F6000C2DD04 /* EjercicioUITests */,
				2643CBEB27972F5D00C2DD04 /* Products */,
			);
			sourceTree = "<group>";
		};
		2643CBEB27972F5D00C2DD04 /* Products */ = {
			isa = PBXGroup;
			children = (
				2643CBEA27972F5D00C2DD04 /* Ejercicio.app */,
				2643CC0027972F6000C2DD04 /* EjercicioTests.xctest */,
				2643CC0A27972F6000C2DD04 /* EjercicioUITests.xctest */,
			);
			name = Products;
			sourceTree = "<group>";
		};
		2643CBEC27972F5D00C2DD04 /* Ejercicio */ = {
			isa = PBXGroup;
			children = (
				2643CBED27972F5D00C2DD04 /* AppDelegate.swift */,
				2643CBEF27972F5D00C2DD04 /* SceneDelegate.swift */,
				2643CBF127972F5D00C2DD04 /* ViewController.swift */,
				2643CBF327972F5D00C2DD04 /* Main.storyboard */,
				2643CBF627972F5F00C2DD04 /* Assets.xcassets */,
				2643CBF827972F5F00C2DD04 /* LaunchScreen.storyboard */,
				2643CBFB27972F5F00C2DD04 /* Info.plist */,
			);
			path = Ejercicio;
			sourceTree = "<group>";
		};
		2643CC0327972F6000C2DD04 /* EjercicioTests */ = {
			isa = PBXGroup;
			children = (
				2643CC0427972F6000C2DD04 /* EjercicioTests.swift */,
			);
			path = EjercicioTests;
			sourceTree = "<group>";
		};
		2643CC0D27972F6000C2DD04 /* EjercicioUITests */ = {
			isa = PBXGroup;
			children = (
				2643CC0E27972F6000C2DD04 /* EjercicioUITests.swift */,
				2643CC1027972F6000C2DD04 /* EjercicioUITestsLaunchTests.swift */,
			);
			path = EjercicioUITests;
			sourceTree = "<group>";
		};
/* End PBXGroup section */

/* Begin PBXNativeTarget section */
		2643CBE927972F5D00C2DD04 /* Ejercicio */ = {
			isa = PBXNativeTarget;
			buildConfigurationList = 2643CC1427972F6000C2DD04 /* Build configuration list for PBXNativeTarget "Ejercicio" */;
			buildPhases = (
				2643CBE627972F5D00C2DD04 /* Sources */,
				2643CBE727972F5D00C2DD04 /* Frameworks */,
				2643CBE827972F5D00C2DD04 /* Resources */,
			);
			buildRules = (
			);
			dependencies = (
			);
			name = Ejercicio;
			productName = Ejercicio;
			productReference = 2643CBEA27972F5D00C2DD04 /* Ejercicio.app */;
			productType = "com.apple.product-type.application";
		};
		2643CBFF27972F6000C2DD04 /* EjercicioTests */ = {
			isa = PBXNativeTarget;
			buildConfigurationList = 2643CC1727972F6000C2DD04 /* Build configuration list for PBXNativeTarget "EjercicioTests" */;
			buildPhases = (
				2643CBFC27972F6000C2DD04 /* Sources */,
				2643CBFD27972F6000C2DD04 /* Frameworks */,
				2643CBFE27972F6000C2DD04 /* Resources */,
			);
			buildRules = (
			);
			dependencies = (
				2643CC0227972F6000C2DD04 /* PBXTargetDependency */,
			);
			name = EjercicioTests;
			productName = EjercicioTests;
			productReference = 2643CC0027972F6000C2DD04 /* EjercicioTests.xctest */;
			productType = "com.apple.product-type.bundle.unit-test";
		};
		2643CC0927972F6000C2DD04 /* EjercicioUITests */ = {
			isa = PBXNativeTarget;
			buildConfigurationList = 2643CC1A27972F6000C2DD04 /* Build configuration list for PBXNativeTarget "EjercicioUITests" */;
			buildPhases = (
				2643CC0627972F6000C2DD04 /* Sources */,
				2643CC0727972F6000C2DD04 /* Frameworks */,
				2643CC0827972F6000C2DD04 /* Resources */,
			);
			buildRules = (
			);
			dependencies = (
				2643CC0C27972F6000C2DD04 /* PBXTargetDependency */,
			);
			name = EjercicioUITests;
			productName = EjercicioUITests;
			productReference = 2643CC0A27972F6000C2DD04 /* EjercicioUITests.xctest */;
			productType = "com.apple.product-type.bundle.ui-testing";
		};
/* End PBXNativeTarget section */

/* Begin PBXProject section */
		2643CBE227972F5D00C2DD04 /* Project object */ = {
			isa = PBXProject;
			attributes = {
				BuildIndependentTargetsInParallel = 1;
				LastSwiftUpdateCheck = 1320;
				LastUpgradeCheck = 1320;
				TargetAttributes = {
					2643CBE927972F5D00C2DD04 = {
						CreatedOnToolsVersion = 13.2.1;
					};
					2643CBFF27972F6000C2DD04 = {
						CreatedOnToolsVersion = 13.2.1;
						TestTargetID = 2643CBE927972F5D00C2DD04;
					};
					2643CC0927972F6000C2DD04 = {
						CreatedOnToolsVersion = 13.2.1;
						TestTargetID = 2643CBE927972F5D00C2DD04;
					};
				};
			};
			buildConfigurationList = 2643CBE527972F5D00C2DD04 /* Build configuration list for PBXProject "Ejercicio" */;
			compatibilityVersion = "Xcode 13.0";
			developmentRegion = en;
			hasScannedForEncodings = 0;
			knownRegions = (
				en,
				Base,
			);
			mainGroup = 2643CBE127972F5D00C2DD04;
			productRefGroup = 2643CBEB27972F5D00C2DD04 /* Products */;
			projectDirPath = "";
			projectRoot = "";
			targets = (
				2643CBE927972F5D00C2DD04 /* Ejercicio */,
				2643CBFF27972F6000C2DD04 /* EjercicioTests */,
				2643CC0927972F6000C2DD04 /* EjercicioUITests */,
			);
		};
/* End PBXProject section */

/* Begin PBXResourcesBuildPhase section */
		2643CBE827972F5D00C2DD04 /* Resources */ = {
			isa = PBXResourcesBuildPhase;
			buildActionMask = 2147483647;
			files = (
				2643CBFA27972F5F00C2DD04 /* LaunchScreen.storyboard in Resources */,
				2643CBF727972F5F00C2DD04 /* Assets.xcassets in Resources */,
				2643CBF527972F5D00C2DD04 /* Main.storyboard in Resources */,
			);
			runOnlyForDeploymentPostprocessing = 0;
		};
		2643CBFE27972F6000C2DD04 /* Resources */ = {
			isa = PBXResourcesBuildPhase;
			buildActionMask = 2147483647;
			files = (
			);
			runOnlyForDeploymentPostprocessing = 0;
		};
		2643CC0827972F6000C2DD04 /* Resources */ = {
			isa = PBXResourcesBuildPhase;
			buildActionMask = 2147483647;
			files = (
			);
			runOnlyForDeploymentPostprocessing = 0;
		};
/* End PBXResourcesBuildPhase section */

/* Begin PBXSourcesBuildPhase section */
		2643CBE627972F5D00C2DD04 /* Sources */ = {
			isa = PBXSourcesBuildPhase;
			buildActionMask = 2147483647;
			files = (
				2643CBF227972F5D00C2DD04 /* ViewController.swift in Sources */,
				2643CBEE27972F5D00C2DD04 /* AppDelegate.swift in Sources */,
				2643CBF027972F5D00C2DD04 /* SceneDelegate.swift in Sources */,
			);
			runOnlyForDeploymentPostprocessing = 0;
		};
		2643CBFC27972F6000C2DD04 /* Sources */ = {
			isa = PBXSourcesBuildPhase;
			buildActionMask = 2147483647;
			files = (
				2643CC0527972F6000C2DD04 /* EjercicioTests.swift in Sources */,
			);
			runOnlyForDeploymentPostprocessing = 0;
		};
		2643CC0627972F6000C2DD04 /* Sources */ = {
			isa = PBXSourcesBuildPhase;
			buildActionMask = 2147483647;
			files = (
				2643CC1127972F6000C2DD04 /* EjercicioUITestsLaunchTests.swift in Sources */,
				2643CC0F27972F6000C2DD04 /* EjercicioUITests.swift in Sources */,
			);
			runOnlyForDeploymentPostprocessing = 0;
		};
/* End PBXSourcesBuildPhase section */

/* Begin PBXTargetDependency section */
		2643CC0227972F6000C2DD04 /* PBXTargetDependency */ = {
			isa = PBXTargetDependency;
			target = 2643CBE927972F5D00C2DD04 /* Ejercicio */;
			targetProxy = 2643CC0127972F6000C2DD04 /* PBXContainerItemProxy */;
		};
		2643CC0C27972F6000C2DD04 /* PBXTargetDependency */ = {
			isa = PBXTargetDependency;
			target = 2643CBE927972F5D00C2DD04 /* Ejercicio */;
			targetProxy = 2643CC0B27972F6000C2DD04 /* PBXContainerItemProxy */;
		};
/* End PBXTargetDependency section */

/* Begin PBXVariantGroup section */
		2643CBF327972F5D00C2DD04 /* Main.storyboard */ = {
			isa = PBXVariantGroup;
			children = (
				2643CBF427972F5D00C2DD04 /* Base */,
			);
			name = Main.storyboard;
			sourceTree = "<group>";
		};
		2643CBF827972F5F00C2DD04 /* LaunchScreen.storyboard */ = {
			isa = PBXVariantGroup;
			children = (
				2643CBF927972F5F00C2DD04 /* Base */,
			);
			name = LaunchScreen.storyboard;
			sourceTree = "<group>";
		};
/* End PBXVariantGroup section */

/* Begin XCBuildConfiguration section */
		2643CC1227972F6000C2DD04 /* Debug */ = {
			isa = XCBuildConfiguration;
			buildSettings = {
				ALWAYS_SEARCH_USER_PATHS = NO;
				CLANG_ANALYZER_NONNULL = YES;
				CLANG_ANALYZER_NUMBER_OBJECT_CONVERSION = YES_AGGRESSIVE;
				CLANG_CXX_LANGUAGE_STANDARD = "gnu++17";
				CLANG_CXX_LIBRARY = "libc++";
				CLANG_ENABLE_MODULES = YES;
				CLANG_ENABLE_OBJC_ARC = YES;
				CLANG_ENABLE_OBJC_WEAK = YES;
				CLANG_WARN_BLOCK_CAPTURE_AUTORELEASING = YES;
				CLANG_WARN_BOOL_CONVERSION = YES;
				CLANG_WARN_COMMA = YES;
				CLANG_WARN_CONSTANT_CONVERSION = YES;
				CLANG_WARN_DEPRECATED_OBJC_IMPLEMENTATIONS = YES;
				CLANG_WARN_DIRECT_OBJC_ISA_USAGE = YES_ERROR;
				CLANG_WARN_DOCUMENTATION_COMMENTS = YES;
				CLANG_WARN_EMPTY_BODY = YES;
				CLANG_WARN_ENUM_CONVERSION = YES;
				CLANG_WARN_INFINITE_RECURSION = YES;
				CLANG_WARN_INT_CONVERSION = YES;
				CLANG_WARN_NON_LITERAL_NULL_CONVERSION = YES;
				CLANG_WARN_OBJC_IMPLICIT_RETAIN_SELF = YES;
				CLANG_WARN_OBJC_LITERAL_CONVERSION = YES;
				CLANG_WARN_OBJC_ROOT_CLASS = YES_ERROR;
				CLANG_WARN_QUOTED_INCLUDE_IN_FRAMEWORK_HEADER = YES;
				CLANG_WARN_RANGE_LOOP_ANALYSIS = YES;
				CLANG_WARN_STRICT_PROTOTYPES = YES;
				CLANG_WARN_SUSPICIOUS_MOVE = YES;
				CLANG_WARN_UNGUARDED_AVAILABILITY = YES_AGGRESSIVE;
				CLANG_WARN_UNREACHABLE_CODE = YES;
				CLANG_WARN__DUPLICATE_METHOD_MATCH = YES;
				COPY_PHASE_STRIP = NO;
				DEBUG_INFORMATION_FORMAT = dwarf;
				ENABLE_STRICT_OBJC_MSGSEND = YES;
				ENABLE_TESTABILITY = YES;
				GCC_C_LANGUAGE_STANDARD = gnu11;
				GCC_DYNAMIC_NO_PIC = NO;
				GCC_NO_COMMON_BLOCKS = YES;
				GCC_OPTIMIZATION_LEVEL = 0;
				GCC_PREPROCESSOR_DEFINITIONS = (
					"DEBUG=1",
					"$(inherited)",
				);
				GCC_WARN_64_TO_32_BIT_CONVERSION = YES;
				GCC_WARN_ABOUT_RETURN_TYPE = YES_ERROR;
				GCC_WARN_UNDECLARED_SELECTOR = YES;
				GCC_WARN_UNINITIALIZED_AUTOS = YES_AGGRESSIVE;
				GCC_WARN_UNUSED_FUNCTION = YES;
				GCC_WARN_UNUSED_VARIABLE = YES;
				IPHONEOS_DEPLOYMENT_TARGET = 15.2;
				MTL_ENABLE_DEBUG_INFO = INCLUDE_SOURCE;
				MTL_FAST_MATH = YES;
				ONLY_ACTIVE_ARCH = YES;
				SDKROOT = iphoneos;
				SWIFT_ACTIVE_COMPILATION_CONDITIONS = DEBUG;
				SWIFT_OPTIMIZATION_LEVEL = "-Onone";
			};
			name = Debug;
		};
		2643CC1327972F6000C2DD04 /* Release */ = {
			isa = XCBuildConfiguration;
			buildSettings = {
				ALWAYS_SEARCH_USER_PATHS = NO;
				CLANG_ANALYZER_NONNULL = YES;
				CLANG_ANALYZER_NUMBER_OBJECT_CONVERSION = YES_AGGRESSIVE;
				CLANG_CXX_LANGUAGE_STANDARD = "gnu++17";
				CLANG_CXX_LIBRARY = "libc++";
				CLANG_ENABLE_MODULES = YES;
				CLANG_ENABLE_OBJC_ARC = YES;
				CLANG_ENABLE_OBJC_WEAK = YES;
				CLANG_WARN_BLOCK_CAPTURE_AUTORELEASING = YES;
				CLANG_WARN_BOOL_CONVERSION = YES;
				CLANG_WARN_COMMA = YES;
				CLANG_WARN_CONSTANT_CONVERSION = YES;
				CLANG_WARN_DEPRECATED_OBJC_IMPLEMENTATIONS = YES;
				CLANG_WARN_DIRECT_OBJC_ISA_USAGE = YES_ERROR;
				CLANG_WARN_DOCUMENTATION_COMMENTS = YES;
				CLANG_WARN_EMPTY_BODY = YES;
				CLANG_WARN_ENUM_CONVERSION = YES;
				CLANG_WARN_INFINITE_RECURSION = YES;
				CLANG_WARN_INT_CONVERSION = YES;
				CLANG_WARN_NON_LITERAL_NULL_CONVERSION = YES;
				CLANG_WARN_OBJC_IMPLICIT_RETAIN_SELF = YES;
				CLANG_WARN_OBJC_LITERAL_CONVERSION = YES;
				CLANG_WARN_OBJC_ROOT_CLASS = YES_ERROR;
				CLANG_WARN_QUOTED_INCLUDE_IN_FRAMEWORK_HEADER = YES;
				CLANG_WARN_RANGE_LOOP_ANALYSIS = YES;
				CLANG_WARN_STRICT_PROTOTYPES = YES;
				CLANG_WARN_SUSPICIOUS_MOVE = YES;
				CLANG_WARN_UNGUARDED_AVAILABILITY = YES_AGGRESSIVE;
				CLANG_WARN_UNREACHABLE_CODE = YES;
				CLANG_WARN__DUPLICATE_METHOD_MATCH = YES;
				COPY_PHASE_STRIP = NO;
				DEBUG_INFORMATION_FORMAT = "dwarf-with-dsym";
				ENABLE_NS_ASSERTIONS = NO;
				ENABLE_STRICT_OBJC_MSGSEND = YES;
				GCC_C_LANGUAGE_STANDARD = gnu11;
				GCC_NO_COMMON_BLOCKS = YES;
				GCC_WARN_64_TO_32_BIT_CONVERSION = YES;
				GCC_WARN_ABOUT_RETURN_TYPE = YES_ERROR;
				GCC_WARN_UNDECLARED_SELECTOR = YES;
				GCC_WARN_UNINITIALIZED_AUTOS = YES_AGGRESSIVE;
				GCC_WARN_UNUSED_FUNCTION = YES;
				GCC_WARN_UNUSED_VARIABLE = YES;
				IPHONEOS_DEPLOYMENT_TARGET = 15.2;
				MTL_ENABLE_DEBUG_INFO = NO;
				MTL_FAST_MATH = YES;
				SDKROOT = iphoneos;
				SWIFT_COMPILATION_MODE = wholemodule;
				SWIFT_OPTIMIZATION_LEVEL = "-O";
				VALIDATE_PRODUCT = YES;
			};
			name = Release;
		};
		2643CC1527972F6000C2DD04 /* Debug */ = {
			isa = XCBuildConfiguration;
			buildSettings = {
				ASSETCATALOG_COMPILER_APPICON_NAME = AppIcon;
				ASSETCATALOG_COMPILER_GLOBAL_ACCENT_COLOR_NAME = AccentColor;
				CODE_SIGN_STYLE = Automatic;
				CURRENT_PROJECT_VERSION = 1;
				DEVELOPMENT_TEAM = A29G94WKPQ;
				GENERATE_INFOPLIST_FILE = YES;
				INFOPLIST_FILE = Ejercicio/Info.plist;
				INFOPLIST_KEY_UIApplicationSupportsIndirectInputEvents = YES;
				INFOPLIST_KEY_UILaunchStoryboardName = LaunchScreen;
				INFOPLIST_KEY_UIMainStoryboardFile = Main;
				INFOPLIST_KEY_UISupportedInterfaceOrientations = "UIInterfaceOrientationPortrait UIInterfaceOrientationPortraitUpsideDown UIInterfaceOrientationLandscapeLeft UIInterfaceOrientationLandscapeRight";
				INFOPLIST_KEY_UISupportedInterfaceOrientations_iPad = "UIInterfaceOrientationPortrait UIInterfaceOrientationPortraitUpsideDown UIInterfaceOrientationLandscapeLeft UIInterfaceOrientationLandscapeRight";
				INFOPLIST_KEY_UISupportedInterfaceOrientations_iPhone = "UIInterfaceOrientationPortrait UIInterfaceOrientationLandscapeLeft UIInterfaceOrientationLandscapeRight";
				LD_RUNPATH_SEARCH_PATHS = (
					"$(inherited)",
					"@executable_path/Frameworks",
				);
				MARKETING_VERSION = 1.0;
				PRODUCT_BUNDLE_IDENTIFIER = ivan.Ejercicio;
				PRODUCT_NAME = "$(TARGET_NAME)";
				SWIFT_EMIT_LOC_STRINGS = YES;
				SWIFT_VERSION = 5.0;
				TARGETED_DEVICE_FAMILY = "1,2";
			};
			name = Debug;
		};
		2643CC1627972F6000C2DD04 /* Release */ = {
			isa = XCBuildConfiguration;
			buildSettings = {
				ASSETCATALOG_COMPILER_APPICON_NAME = AppIcon;
				ASSETCATALOG_COMPILER_GLOBAL_ACCENT_COLOR_NAME = AccentColor;
				CODE_SIGN_STYLE = Automatic;
				CURRENT_PROJECT_VERSION = 1;
				DEVELOPMENT_TEAM = A29G94WKPQ;
				GENERATE_INFOPLIST_FILE = YES;
				INFOPLIST_FILE = Ejercicio/Info.plist;
				INFOPLIST_KEY_UIApplicationSupportsIndirectInputEvents = YES;
				INFOPLIST_KEY_UILaunchStoryboardName = LaunchScreen;
				INFOPLIST_KEY_UIMainStoryboardFile = Main;
				INFOPLIST_KEY_UISupportedInterfaceOrientations = "UIInterfaceOrientationPortrait UIInterfaceOrientationPortraitUpsideDown UIInterfaceOrientationLandscapeLeft UIInterfaceOrientationLandscapeRight";
				INFOPLIST_KEY_UISupportedInterfaceOrientations_iPad = "UIInterfaceOrientationPortrait UIInterfaceOrientationPortraitUpsideDown UIInterfaceOrientationLandscapeLeft UIInterfaceOrientationLandscapeRight";
				INFOPLIST_KEY_UISupportedInterfaceOrientations_iPhone = "UIInterfaceOrientationPortrait UIInterfaceOrientationLandscapeLeft UIInterfaceOrientationLandscapeRight";
				LD_RUNPATH_SEARCH_PATHS = (
					"$(inherited)",
					"@executable_path/Frameworks",
				);
				MARKETING_VERSION = 1.0;
				PRODUCT_BUNDLE_IDENTIFIER = ivan.Ejercicio;
				PRODUCT_NAME = "$(TARGET_NAME)";
				SWIFT_EMIT_LOC_STRINGS = YES;
				SWIFT_VERSION = 5.0;
				TARGETED_DEVICE_FAMILY = "1,2";
			};
			name = Release;
		};
		2643CC1827972F6000C2DD04 /* Debug */ = {
			isa = XCBuildConfiguration;
			buildSettings = {
				ALWAYS_EMBED_SWIFT_STANDARD_LIBRARIES = YES;
				BUNDLE_LOADER = "$(TEST_HOST)";
				CODE_SIGN_STYLE = Automatic;
				CURRENT_PROJECT_VERSION = 1;
				DEVELOPMENT_TEAM = A29G94WKPQ;
				GENERATE_INFOPLIST_FILE = YES;
				IPHONEOS_DEPLOYMENT_TARGET = 15.2;
				MARKETING_VERSION = 1.0;
				PRODUCT_BUNDLE_IDENTIFIER = ivan.EjercicioTests;
				PRODUCT_NAME = "$(TARGET_NAME)";
				SWIFT_EMIT_LOC_STRINGS = NO;
				SWIFT_VERSION = 5.0;
				TARGETED_DEVICE_FAMILY = "1,2";
				TEST_HOST = "$(BUILT_PRODUCTS_DIR)/Ejercicio.app/Ejercicio";
			};
			name = Debug;
		};
		2643CC1927972F6000C2DD04 /* Release */ = {
			isa = XCBuildConfiguration;
			buildSettings = {
				ALWAYS_EMBED_SWIFT_STANDARD_LIBRARIES = YES;
				BUNDLE_LOADER = "$(TEST_HOST)";
				CODE_SIGN_STYLE = Automatic;
				CURRENT_PROJECT_VERSION = 1;
				DEVELOPMENT_TEAM = A29G94WKPQ;
				GENERATE_INFOPLIST_FILE = YES;
				IPHONEOS_DEPLOYMENT_TARGET = 15.2;
				MARKETING_VERSION = 1.0;
				PRODUCT_BUNDLE_IDENTIFIER = ivan.EjercicioTests;
				PRODUCT_NAME = "$(TARGET_NAME)";
				SWIFT_EMIT_LOC_STRINGS = NO;
				SWIFT_VERSION = 5.0;
				TARGETED_DEVICE_FAMILY = "1,2";
				TEST_HOST = "$(BUILT_PRODUCTS_DIR)/Ejercicio.app/Ejercicio";
			};
			name = Release;
		};
		2643CC1B27972F6000C2DD04 /* Debug */ = {
			isa = XCBuildConfiguration;
			buildSettings = {
				ALWAYS_EMBED_SWIFT_STANDARD_LIBRARIES = YES;
				CODE_SIGN_STYLE = Automatic;
				CURRENT_PROJECT_VERSION = 1;
				DEVELOPMENT_TEAM = A29G94WKPQ;
				GENERATE_INFOPLIST_FILE = YES;
				MARKETING_VERSION = 1.0;
				PRODUCT_BUNDLE_IDENTIFIER = ivan.EjercicioUITests;
				PRODUCT_NAME = "$(TARGET_NAME)";
				SWIFT_EMIT_LOC_STRINGS = NO;
				SWIFT_VERSION = 5.0;
				TARGETED_DEVICE_FAMILY = "1,2";
				TEST_TARGET_NAME = Ejercicio;
			};
			name = Debug;
		};
		2643CC1C27972F6000C2DD04 /* Release */ = {
			isa = XCBuildConfiguration;
			buildSettings = {
				ALWAYS_EMBED_SWIFT_STANDARD_LIBRARIES = YES;
				CODE_SIGN_STYLE = Automatic;
				CURRENT_PROJECT_VERSION = 1;
				DEVELOPMENT_TEAM = A29G94WKPQ;
				GENERATE_INFOPLIST_FILE = YES;
				MARKETING_VERSION = 1.0;
				PRODUCT_BUNDLE_IDENTIFIER = ivan.EjercicioUITests;
				PRODUCT_NAME = "$(TARGET_NAME)";
				SWIFT_EMIT_LOC_STRINGS = NO;
				SWIFT_VERSION = 5.0;
				TARGETED_DEVICE_FAMILY = "1,2";
				TEST_TARGET_NAME = Ejercicio;
			};
			name = Release;
		};
/* End XCBuildConfiguration section */

/* Begin XCConfigurationList section */
		2643CBE527972F5D00C2DD04 /* Build configuration list for PBXProject "Ejercicio" */ = {
			isa = XCConfigurationList;
			buildConfigurations = (
				2643CC1227972F6000C2DD04 /* Debug */,
				2643CC1327972F6000C2DD04 /* Release */,
			);
			defaultConfigurationIsVisible = 0;
			defaultConfigurationName = Release;
		};
		2643CC1427972F6000C2DD04 /* Build configuration list for PBXNativeTarget "Ejercicio" */ = {
			isa = XCConfigurationList;
			buildConfigurations = (
				2643CC1527972F6000C2DD04 /* Debug */,
				2643CC1627972F6000C2DD04 /* Release */,
			);
			defaultConfigurationIsVisible = 0;
			defaultConfigurationName = Release;
		};
		2643CC1727972F6000C2DD04 /* Build configuration list for PBXNativeTarget "EjercicioTests" */ = {
			isa = XCConfigurationList;
			buildConfigurations = (
				2643CC1827972F6000C2DD04 /* Debug */,
				2643CC1927972F6000C2DD04 /* Release */,
			);
			defaultConfigurationIsVisible = 0;
			defaultConfigurationName = Release;
		};
		2643CC1A27972F6000C2DD04 /* Build configuration list for PBXNativeTarget "EjercicioUITests" */ = {
			isa = XCConfigurationList;
			buildConfigurations = (
				2643CC1B27972F6000C2DD04 /* Debug */,
				2643CC1C27972F6000C2DD04 /* Release */,
			);
			defaultConfigurationIsVisible = 0;
			defaultConfigurationName = Release;
		};
/* End XCConfigurationList section */
	};
	rootObject = 2643CBE227972F5D00C2DD04 /* Project object */;
}
